
Microsoft Visual Studio Solution File, Format Version 12.00
# Visual Studio Version 16
VisualStudioVersion = 16.0.30413.136
MinimumVisualStudioVersion = 10.0.40219.1
Project("{FAE04EC0-301F-11D3-BF4B-00C04F79EFBC}") = "metody2.0", "metody2.0\metody2.0.csproj", "{E5061219-4307-47D2-9F20-21234038714B}"
EndProject
Project("{FAE04EC0-301F-11D3-BF4B-00C04F79EFBC}") = "P02", "P02\P02.csproj", "{7DF21369-1CF9-4784-AF70-1627120EB7A1}"
EndProject
Project("{FAE04EC0-301F-11D3-BF4B-00C04F79EFBC}") = "P03", "P03\P03.csproj", "{C383DE0F-D325-4D53-B977-CA20A005B28A}"
EndProject
Project("{9A19103F-16F7-4668-BE54-9A1E7A4F7556}") = "poleUtil", "metodypole\poleUtil.csproj", "{27A41B8A-2611-424F-8A8E-BA319C7D1E33}"
EndProject
Project("{9A19103F-16F7-4668-BE54-9A1E7A4F7556}") = "vypocet_kvadr_ctverec", "vypocet_kvadr_ctverec\vypocet_kvadr_ctverec.csproj", "{7800F478-FAEE-4F7B-A891-08FF849E3BAE}"
EndProject
Project("{9A19103F-16F7-4668-BE54-9A1E7A4F7556}") = "P03priklad", "P03priklad\P03priklad.csproj", "{394AEF5D-C0C5-40CA-BFAF-1AB6C1BCF083}"
EndProject
Project("{FAE04EC0-301F-11D3-BF4B-00C04F79EFBC}") = "P04", "P04\P04.csproj", "{EC9EA9E8-89D6-4A18-B328-D4D981FA0459}"
EndProject
Project("{FAE04EC0-301F-11D3-BF4B-00C04F79EFBC}") = "P05", "P05\P05.csproj", "{B5E3F2F2-17BA-4C46-B4BF-BE63FB351385}"
EndProject
Project("{FAE04EC0-301F-11D3-BF4B-00C04F79EFBC}") = "MatematikaUtil", "MatematikaUtil\MatematikaUtil.csproj", "{07C54095-E4CC-42DB-BE6F-52A10D374B03}"
EndProject
Global
	GlobalSection(SolutionConfigurationPlatforms) = preSolution
		Debug|Any CPU = Debug|Any CPU
		Release|Any CPU = Release|Any CPU
	EndGlobalSection
	GlobalSection(ProjectConfigurationPlatforms) = postSolution
		{E5061219-4307-47D2-9F20-21234038714B}.Debug|Any CPU.ActiveCfg = Debug|Any CPU
		{E5061219-4307-47D2-9F20-21234038714B}.Debug|Any CPU.Build.0 = Debug|Any CPU
		{E5061219-4307-47D2-9F20-21234038714B}.Release|Any CPU.ActiveCfg = Release|Any CPU
		{E5061219-4307-47D2-9F20-21234038714B}.Release|Any CPU.Build.0 = Release|Any CPU
		{7DF21369-1CF9-4784-AF70-1627120EB7A1}.Debug|Any CPU.ActiveCfg = Debug|Any CPU
		{7DF21369-1CF9-4784-AF70-1627120EB7A1}.Debug|Any CPU.Build.0 = Debug|Any CPU
		{7DF21369-1CF9-4784-AF70-1627120EB7A1}.Release|Any CPU.ActiveCfg = Release|Any CPU
		{7DF21369-1CF9-4784-AF70-1627120EB7A1}.Release|Any CPU.Build.0 = Release|Any CPU
		{C383DE0F-D325-4D53-B977-CA20A005B28A}.Debug|Any CPU.ActiveCfg = Debug|Any CPU
		{C383DE0F-D325-4D53-B977-CA20A005B28A}.Debug|Any CPU.Build.0 = Debug|Any CPU
		{C383DE0F-D325-4D53-B977-CA20A005B28A}.Release|Any CPU.ActiveCfg = Release|Any CPU
		{C383DE0F-D325-4D53-B977-CA20A005B28A}.Release|Any CPU.Build.0 = Release|Any CPU
		{27A41B8A-2611-424F-8A8E-BA319C7D1E33}.Debug|Any CPU.ActiveCfg = Debug|Any CPU
		{27A41B8A-2611-424F-8A8E-BA319C7D1E33}.Debug|Any CPU.Build.0 = Debug|Any CPU
		{27A41B8A-2611-424F-8A8E-BA319C7D1E33}.Release|Any CPU.ActiveCfg = Release|Any CPU
		{27A41B8A-2611-424F-8A8E-BA319C7D1E33}.Release|Any CPU.Build.0 = Release|Any CPU
		{7800F478-FAEE-4F7B-A891-08FF849E3BAE}.Debug|Any CPU.ActiveCfg = Debug|Any CPU
		{7800F478-FAEE-4F7B-A891-08FF849E3BAE}.Debug|Any CPU.Build.0 = Debug|Any CPU
		{7800F478-FAEE-4F7B-A891-08FF849E3BAE}.Release|Any CPU.ActiveCfg = Release|Any CPU
		{7800F478-FAEE-4F7B-A891-08FF849E3BAE}.Release|Any CPU.Build.0 = Release|Any CPU
		{394AEF5D-C0C5-40CA-BFAF-1AB6C1BCF083}.Debug|Any CPU.ActiveCfg = Debug|Any CPU
		{394AEF5D-C0C5-40CA-BFAF-1AB6C1BCF083}.Debug|Any CPU.Build.0 = Debug|Any CPU
		{394AEF5D-C0C5-40CA-BFAF-1AB6C1BCF083}.Release|Any CPU.ActiveCfg = Release|Any CPU
		{394AEF5D-C0C5-40CA-BFAF-1AB6C1BCF083}.Release|Any CPU.Build.0 = Release|Any CPU
		{EC9EA9E8-89D6-4A18-B328-D4D981FA0459}.Debug|Any CPU.ActiveCfg = Debug|Any CPU
		{EC9EA9E8-89D6-4A18-B328-D4D981FA0459}.Debug|Any CPU.Build.0 = Debug|Any CPU
		{EC9EA9E8-89D6-4A18-B328-D4D981FA0459}.Release|Any CPU.ActiveCfg = Release|Any CPU
		{EC9EA9E8-89D6-4A18-B328-D4D981FA0459}.Release|Any CPU.Build.0 = Release|Any CPU
		{B5E3F2F2-17BA-4C46-B4BF-BE63FB351385}.Debug|Any CPU.ActiveCfg = Debug|Any CPU
		{B5E3F2F2-17BA-4C46-B4BF-BE63FB351385}.Debug|Any CPU.Build.0 = Debug|Any CPU
		{B5E3F2F2-17BA-4C46-B4BF-BE63FB351385}.Release|Any CPU.ActiveCfg = Release|Any CPU
		{B5E3F2F2-17BA-4C46-B4BF-BE63FB351385}.Release|Any CPU.Build.0 = Release|Any CPU
		{07C54095-E4CC-42DB-BE6F-52A10D374B03}.Debug|Any CPU.ActiveCfg = Debug|Any CPU
		{07C54095-E4CC-42DB-BE6F-52A10D374B03}.Debug|Any CPU.Build.0 = Debug|Any CPU
		{07C54095-E4CC-42DB-BE6F-52A10D374B03}.Release|Any CPU.ActiveCfg = Release|Any CPU
		{07C54095-E4CC-42DB-BE6F-52A10D374B03}.Release|Any CPU.Build.0 = Release|Any CPU
	EndGlobalSection
	GlobalSection(SolutionProperties) = preSolution
		HideSolutionNode = FALSE
	EndGlobalSection
	GlobalSection(ExtensibilityGlobals) = postSolution
		SolutionGuid = {8A307F51-C8C4-44EA-A205-3E310EF70FB5}
	EndGlobalSection
EndGlobal
